// !$*UTF8*$!
{
	archiveVersion = 1;
	classes = {
	};
	objectVersion = 46;
	objects = {

/* Begin PBXBuildFile section */
		353B09F31D372C21009CA7C0 /* UserDetailVC.m in Sources */ = {isa = PBXBuildFile; fileRef = 353B09F21D372C21009CA7C0 /* UserDetailVC.m */; };
		354EE1B81D2A28A600D17A3F /* main.m in Sources */ = {isa = PBXBuildFile; fileRef = 354EE1B71D2A28A600D17A3F /* main.m */; };
		354EE1BB1D2A28A600D17A3F /* AppDelegate.m in Sources */ = {isa = PBXBuildFile; fileRef = 354EE1BA1D2A28A600D17A3F /* AppDelegate.m */; };
		354EE1BE1D2A28A600D17A3F /* ViewController.m in Sources */ = {isa = PBXBuildFile; fileRef = 354EE1BD1D2A28A600D17A3F /* ViewController.m */; };
		354EE1C11D2A28A600D17A3F /* Main.storyboard in Resources */ = {isa = PBXBuildFile; fileRef = 354EE1BF1D2A28A600D17A3F /* Main.storyboard */; };
		354EE1C31D2A28A600D17A3F /* Assets.xcassets in Resources */ = {isa = PBXBuildFile; fileRef = 354EE1C21D2A28A600D17A3F /* Assets.xcassets */; };
		354EE1C61D2A28A600D17A3F /* LaunchScreen.storyboard in Resources */ = {isa = PBXBuildFile; fileRef = 354EE1C41D2A28A600D17A3F /* LaunchScreen.storyboard */; };
		354EE1D11D2A28A600D17A3F /* CityGuideTests.m in Sources */ = {isa = PBXBuildFile; fileRef = 354EE1D01D2A28A600D17A3F /* CityGuideTests.m */; };
		354EE1DC1D2A28A600D17A3F /* CityGuideUITests.m in Sources */ = {isa = PBXBuildFile; fileRef = 354EE1DB1D2A28A600D17A3F /* CityGuideUITests.m */; };
		354EE1EB1D2A2C9500D17A3F /* MainViewController.m in Sources */ = {isa = PBXBuildFile; fileRef = 354EE1EA1D2A2C9500D17A3F /* MainViewController.m */; };
		354EE1EE1D2A2CC100D17A3F /* TabbarViewController.m in Sources */ = {isa = PBXBuildFile; fileRef = 354EE1ED1D2A2CC100D17A3F /* TabbarViewController.m */; };
		354EE1F11D2A2CEC00D17A3F /* MapViewController.m in Sources */ = {isa = PBXBuildFile; fileRef = 354EE1F01D2A2CEC00D17A3F /* MapViewController.m */; };
		354EE1F41D2A2E8000D17A3F /* MapKit.framework in Frameworks */ = {isa = PBXBuildFile; fileRef = 354EE1F31D2A2E8000D17A3F /* MapKit.framework */; };
		354EE1F71D2A5B0200D17A3F /* launchViewController.m in Sources */ = {isa = PBXBuildFile; fileRef = 354EE1F61D2A5B0200D17A3F /* launchViewController.m */; };
		354EE1FD1D2B3F6600D17A3F /* QuartzCore.framework in Frameworks */ = {isa = PBXBuildFile; fileRef = 354EE1FC1D2B3F6600D17A3F /* QuartzCore.framework */; };
		354EE1FF1D2B3F6E00D17A3F /* ImageIO.framework in Frameworks */ = {isa = PBXBuildFile; fileRef = 354EE1FE1D2B3F6E00D17A3F /* ImageIO.framework */; };
		354EE2011D2B3F7A00D17A3F /* SystemConfiguration.framework in Frameworks */ = {isa = PBXBuildFile; fileRef = 354EE2001D2B3F7A00D17A3F /* SystemConfiguration.framework */; };
		354EE2031D2B3F8600D17A3F /* Security.framework in Frameworks */ = {isa = PBXBuildFile; fileRef = 354EE2021D2B3F8600D17A3F /* Security.framework */; };
		354EE2051D2B3F9200D17A3F /* CoreTelephony.framework in Frameworks */ = {isa = PBXBuildFile; fileRef = 354EE2041D2B3F9200D17A3F /* CoreTelephony.framework */; };
		354EE2071D2B3F9B00D17A3F /* CoreText.framework in Frameworks */ = {isa = PBXBuildFile; fileRef = 354EE2061D2B3F9B00D17A3F /* CoreText.framework */; };
		354EE2091D2B3FA400D17A3F /* UIKit.framework in Frameworks */ = {isa = PBXBuildFile; fileRef = 354EE2081D2B3FA400D17A3F /* UIKit.framework */; };
		354EE20B1D2B3FAF00D17A3F /* Foundation.framework in Frameworks */ = {isa = PBXBuildFile; fileRef = 354EE20A1D2B3FAF00D17A3F /* Foundation.framework */; };
		354EE20D1D2B3FB900D17A3F /* CoreGraphics.framework in Frameworks */ = {isa = PBXBuildFile; fileRef = 354EE20C1D2B3FB900D17A3F /* CoreGraphics.framework */; };
		354EE20F1D2B3FDC00D17A3F /* libsqlite3.tbd in Frameworks */ = {isa = PBXBuildFile; fileRef = 354EE20E1D2B3FDC00D17A3F /* libsqlite3.tbd */; };
		354EE2111D2B3FE800D17A3F /* libz.tbd in Frameworks */ = {isa = PBXBuildFile; fileRef = 354EE2101D2B3FE800D17A3F /* libz.tbd */; };
		354EE2131D2B400F00D17A3F /* libWeiboSDK.a in Frameworks */ = {isa = PBXBuildFile; fileRef = 354EE2121D2B400F00D17A3F /* libWeiboSDK.a */; };
		354EE2161D2B4E8300D17A3F /* NearbyViewController.m in Sources */ = {isa = PBXBuildFile; fileRef = 354EE2151D2B4E8300D17A3F /* NearbyViewController.m */; };
		354EE2351D2B4FF500D17A3F /* libWeiboSDK.a in Frameworks */ = {isa = PBXBuildFile; fileRef = 354EE2281D2B4FF500D17A3F /* libWeiboSDK.a */; };
		354EE2361D2B4FF500D17A3F /* WeiboSDK.bundle in Resources */ = {isa = PBXBuildFile; fileRef = 354EE2311D2B4FF500D17A3F /* WeiboSDK.bundle */; };
		35698E0A1D421B9F007175E9 /* LFLUISegmentedControl.m in Sources */ = {isa = PBXBuildFile; fileRef = 35698E081D421B9F007175E9 /* LFLUISegmentedControl.m */; };
		35698E0C1D425928007175E9 /* wbTableView.xib in Resources */ = {isa = PBXBuildFile; fileRef = 35698E0B1D425928007175E9 /* wbTableView.xib */; };
		35698E0F1D42598E007175E9 /* wbTableView.m in Sources */ = {isa = PBXBuildFile; fileRef = 35698E0E1D42598E007175E9 /* wbTableView.m */; };
		358A7F691D37899E0052EF2E /* ActivitiesScrollViewController.m in Sources */ = {isa = PBXBuildFile; fileRef = 358A7F681D37899E0052EF2E /* ActivitiesScrollViewController.m */; };
		358A7FDB1D4059230052EF2E /* Interface.storyboard in Resources */ = {isa = PBXBuildFile; fileRef = 358A7FD91D4059230052EF2E /* Interface.storyboard */; };
		358A7FDD1D4059230052EF2E /* Assets.xcassets in Resources */ = {isa = PBXBuildFile; fileRef = 358A7FDC1D4059230052EF2E /* Assets.xcassets */; };
		358A7FE41D4059230052EF2E /* watchKit Extension.appex in Embed App Extensions */ = {isa = PBXBuildFile; fileRef = 358A7FE31D4059230052EF2E /* watchKit Extension.appex */; settings = {ATTRIBUTES = (RemoveHeadersOnCopy, ); }; };
		358A7FEC1D4059230052EF2E /* InterfaceController.m in Sources */ = {isa = PBXBuildFile; fileRef = 358A7FEB1D4059230052EF2E /* InterfaceController.m */; };
		358A7FEF1D4059230052EF2E /* ExtensionDelegate.m in Sources */ = {isa = PBXBuildFile; fileRef = 358A7FEE1D4059230052EF2E /* ExtensionDelegate.m */; };
		358A7FF21D4059230052EF2E /* NotificationController.m in Sources */ = {isa = PBXBuildFile; fileRef = 358A7FF11D4059230052EF2E /* NotificationController.m */; };
		358A7FF41D4059230052EF2E /* Assets.xcassets in Resources */ = {isa = PBXBuildFile; fileRef = 358A7FF31D4059230052EF2E /* Assets.xcassets */; };
		358A7FF81D4059230052EF2E /* watchKit.app in Embed Watch Content */ = {isa = PBXBuildFile; fileRef = 358A7FD71D4059230052EF2E /* watchKit.app */; };
		35FBE2CA1D2E55AB0003720C /* SBJson4Parser.m in Sources */ = {isa = PBXBuildFile; fileRef = 35FBE2BD1D2E55AB0003720C /* SBJson4Parser.m */; };
		35FBE2CB1D2E55AB0003720C /* SBJson4StreamParser.m in Sources */ = {isa = PBXBuildFile; fileRef = 35FBE2BF1D2E55AB0003720C /* SBJson4StreamParser.m */; };
		35FBE2CC1D2E55AB0003720C /* SBJson4StreamParserState.m in Sources */ = {isa = PBXBuildFile; fileRef = 35FBE2C11D2E55AB0003720C /* SBJson4StreamParserState.m */; };
		35FBE2CD1D2E55AB0003720C /* SBJson4StreamTokeniser.m in Sources */ = {isa = PBXBuildFile; fileRef = 35FBE2C31D2E55AB0003720C /* SBJson4StreamTokeniser.m */; };
		35FBE2CE1D2E55AB0003720C /* SBJson4StreamWriter.m in Sources */ = {isa = PBXBuildFile; fileRef = 35FBE2C51D2E55AB0003720C /* SBJson4StreamWriter.m */; };
		35FBE2CF1D2E55AB0003720C /* SBJson4StreamWriterState.m in Sources */ = {isa = PBXBuildFile; fileRef = 35FBE2C71D2E55AB0003720C /* SBJson4StreamWriterState.m */; };
		35FBE2D01D2E55AB0003720C /* SBJson4Writer.m in Sources */ = {isa = PBXBuildFile; fileRef = 35FBE2C91D2E55AB0003720C /* SBJson4Writer.m */; };
		35FBE2DF1D2F727A0003720C /* AFHTTPSessionManager.m in Sources */ = {isa = PBXBuildFile; fileRef = 35FBE2D31D2F727A0003720C /* AFHTTPSessionManager.m */; };
		35FBE2E01D2F727A0003720C /* AFNetworkReachabilityManager.m in Sources */ = {isa = PBXBuildFile; fileRef = 35FBE2D61D2F727A0003720C /* AFNetworkReachabilityManager.m */; };
		35FBE2E11D2F727A0003720C /* AFSecurityPolicy.m in Sources */ = {isa = PBXBuildFile; fileRef = 35FBE2D81D2F727A0003720C /* AFSecurityPolicy.m */; };
		35FBE2E21D2F727A0003720C /* AFURLRequestSerialization.m in Sources */ = {isa = PBXBuildFile; fileRef = 35FBE2DA1D2F727A0003720C /* AFURLRequestSerialization.m */; };
		35FBE2E31D2F727A0003720C /* AFURLResponseSerialization.m in Sources */ = {isa = PBXBuildFile; fileRef = 35FBE2DC1D2F727A0003720C /* AFURLResponseSerialization.m */; };
		35FBE2E41D2F727A0003720C /* AFURLSessionManager.m in Sources */ = {isa = PBXBuildFile; fileRef = 35FBE2DE1D2F727A0003720C /* AFURLSessionManager.m */; };
		35FBE2FB1D2FA3070003720C /* WeiboJSONParser.m in Sources */ = {isa = PBXBuildFile; fileRef = 35FBE2FA1D2FA3070003720C /* WeiboJSONParser.m */; };
		35FBE2FD1D30C9D80003720C /* CoreLocation.framework in Frameworks */ = {isa = PBXBuildFile; fileRef = 35FBE2FC1D30C9D80003720C /* CoreLocation.framework */; };
/* End PBXBuildFile section */

/* Begin PBXContainerItemProxy section */
		354EE1CD1D2A28A600D17A3F /* PBXContainerItemProxy */ = {
			isa = PBXContainerItemProxy;
			containerPortal = 354EE1AB1D2A28A600D17A3F /* Project object */;
			proxyType = 1;
			remoteGlobalIDString = 354EE1B21D2A28A600D17A3F;
			remoteInfo = CityGuide;
		};
		354EE1D81D2A28A600D17A3F /* PBXContainerItemProxy */ = {
			isa = PBXContainerItemProxy;
			containerPortal = 354EE1AB1D2A28A600D17A3F /* Project object */;
			proxyType = 1;
			remoteGlobalIDString = 354EE1B21D2A28A600D17A3F;
			remoteInfo = CityGuide;
		};
		358A7FE51D4059230052EF2E /* PBXContainerItemProxy */ = {
			isa = PBXContainerItemProxy;
			containerPortal = 354EE1AB1D2A28A600D17A3F /* Project object */;
			proxyType = 1;
			remoteGlobalIDString = 358A7FE21D4059230052EF2E;
			remoteInfo = "watchKit Extension";
		};
		358A7FF61D4059230052EF2E /* PBXContainerItemProxy */ = {
			isa = PBXContainerItemProxy;
			containerPortal = 354EE1AB1D2A28A600D17A3F /* Project object */;
			proxyType = 1;
			remoteGlobalIDString = 358A7FD61D4059230052EF2E;
			remoteInfo = watchKit;
		};
/* End PBXContainerItemProxy section */

/* Begin PBXCopyFilesBuildPhase section */
		358A7FFC1D4059230052EF2E /* Embed App Extensions */ = {
			isa = PBXCopyFilesBuildPhase;
			buildActionMask = 2147483647;
			dstPath = "";
			dstSubfolderSpec = 13;
			files = (
				358A7FE41D4059230052EF2E /* watchKit Extension.appex in Embed App Extensions */,
			);
			name = "Embed App Extensions";
			runOnlyForDeploymentPostprocessing = 0;
		};
		358A80001D4059230052EF2E /* Embed Watch Content */ = {
			isa = PBXCopyFilesBuildPhase;
			buildActionMask = 2147483647;
			dstPath = "$(CONTENTS_FOLDER_PATH)/Watch";
			dstSubfolderSpec = 16;
			files = (
				358A7FF81D4059230052EF2E /* watchKit.app in Embed Watch Content */,
			);
			name = "Embed Watch Content";
			runOnlyForDeploymentPostprocessing = 0;
		};
/* End PBXCopyFilesBuildPhase section */

/* Begin PBXFileReference section */
		353B09F11D372C21009CA7C0 /* UserDetailVC.h */ = {isa = PBXFileReference; fileEncoding = 4; lastKnownFileType = sourcecode.c.h; path = UserDetailVC.h; sourceTree = "<group>"; };
		353B09F21D372C21009CA7C0 /* UserDetailVC.m */ = {isa = PBXFileReference; fileEncoding = 4; lastKnownFileType = sourcecode.c.objc; path = UserDetailVC.m; sourceTree = "<group>"; };
		354EE1B31D2A28A600D17A3F /* CityGuide.app */ = {isa = PBXFileReference; explicitFileType = wrapper.application; includeInIndex = 0; path = CityGuide.app; sourceTree = BUILT_PRODUCTS_DIR; };
		354EE1B71D2A28A600D17A3F /* main.m */ = {isa = PBXFileReference; lastKnownFileType = sourcecode.c.objc; path = main.m; sourceTree = "<group>"; };
		354EE1B91D2A28A600D17A3F /* AppDelegate.h */ = {isa = PBXFileReference; lastKnownFileType = sourcecode.c.h; path = AppDelegate.h; sourceTree = "<group>"; };
		354EE1BA1D2A28A600D17A3F /* AppDelegate.m */ = {isa = PBXFileReference; lastKnownFileType = sourcecode.c.objc; path = AppDelegate.m; sourceTree = "<group>"; };
		354EE1BC1D2A28A600D17A3F /* ViewController.h */ = {isa = PBXFileReference; lastKnownFileType = sourcecode.c.h; path = ViewController.h; sourceTree = "<group>"; };
		354EE1BD1D2A28A600D17A3F /* ViewController.m */ = {isa = PBXFileReference; lastKnownFileType = sourcecode.c.objc; path = ViewController.m; sourceTree = "<group>"; };
		354EE1C01D2A28A600D17A3F /* Base */ = {isa = PBXFileReference; lastKnownFileType = file.storyboard; name = Base; path = Base.lproj/Main.storyboard; sourceTree = "<group>"; };
		354EE1C21D2A28A600D17A3F /* Assets.xcassets */ = {isa = PBXFileReference; lastKnownFileType = folder.assetcatalog; path = Assets.xcassets; sourceTree = "<group>"; };
		354EE1C51D2A28A600D17A3F /* Base */ = {isa = PBXFileReference; lastKnownFileType = file.storyboard; name = Base; path = Base.lproj/LaunchScreen.storyboard; sourceTree = "<group>"; };
		354EE1C71D2A28A600D17A3F /* Info.plist */ = {isa = PBXFileReference; lastKnownFileType = text.plist.xml; path = Info.plist; sourceTree = "<group>"; };
		354EE1CC1D2A28A600D17A3F /* CityGuideTests.xctest */ = {isa = PBXFileReference; explicitFileType = wrapper.cfbundle; includeInIndex = 0; path = CityGuideTests.xctest; sourceTree = BUILT_PRODUCTS_DIR; };
		354EE1D01D2A28A600D17A3F /* CityGuideTests.m */ = {isa = PBXFileReference; lastKnownFileType = sourcecode.c.objc; path = CityGuideTests.m; sourceTree = "<group>"; };
		354EE1D21D2A28A600D17A3F /* Info.plist */ = {isa = PBXFileReference; lastKnownFileType = text.plist.xml; path = Info.plist; sourceTree = "<group>"; };
		354EE1D71D2A28A600D17A3F /* CityGuideUITests.xctest */ = {isa = PBXFileReference; explicitFileType = wrapper.cfbundle; includeInIndex = 0; path = CityGuideUITests.xctest; sourceTree = BUILT_PRODUCTS_DIR; };
		354EE1DB1D2A28A600D17A3F /* CityGuideUITests.m */ = {isa = PBXFileReference; lastKnownFileType = sourcecode.c.objc; path = CityGuideUITests.m; sourceTree = "<group>"; };
		354EE1DD1D2A28A600D17A3F /* Info.plist */ = {isa = PBXFileReference; lastKnownFileType = text.plist.xml; path = Info.plist; sourceTree = "<group>"; };
		354EE1E91D2A2C9500D17A3F /* MainViewController.h */ = {isa = PBXFileReference; fileEncoding = 4; lastKnownFileType = sourcecode.c.h; path = MainViewController.h; sourceTree = "<group>"; };
		354EE1EA1D2A2C9500D17A3F /* MainViewController.m */ = {isa = PBXFileReference; fileEncoding = 4; lastKnownFileType = sourcecode.c.objc; path = MainViewController.m; sourceTree = "<group>"; };
		354EE1EC1D2A2CC100D17A3F /* TabbarViewController.h */ = {isa = PBXFileReference; fileEncoding = 4; lastKnownFileType = sourcecode.c.h; path = TabbarViewController.h; sourceTree = "<group>"; };
		354EE1ED1D2A2CC100D17A3F /* TabbarViewController.m */ = {isa = PBXFileReference; fileEncoding = 4; lastKnownFileType = sourcecode.c.objc; path = TabbarViewController.m; sourceTree = "<group>"; };
		354EE1EF1D2A2CEC00D17A3F /* MapViewController.h */ = {isa = PBXFileReference; fileEncoding = 4; lastKnownFileType = sourcecode.c.h; path = MapViewController.h; sourceTree = "<group>"; };
		354EE1F01D2A2CEC00D17A3F /* MapViewController.m */ = {isa = PBXFileReference; fileEncoding = 4; lastKnownFileType = sourcecode.c.objc; path = MapViewController.m; sourceTree = "<group>"; };
		354EE1F31D2A2E8000D17A3F /* MapKit.framework */ = {isa = PBXFileReference; lastKnownFileType = wrapper.framework; name = MapKit.framework; path = System/Library/Frameworks/MapKit.framework; sourceTree = SDKROOT; };
		354EE1F51D2A5B0200D17A3F /* launchViewController.h */ = {isa = PBXFileReference; fileEncoding = 4; lastKnownFileType = sourcecode.c.h; path = launchViewController.h; sourceTree = "<group>"; };
		354EE1F61D2A5B0200D17A3F /* launchViewController.m */ = {isa = PBXFileReference; fileEncoding = 4; lastKnownFileType = sourcecode.c.objc; path = launchViewController.m; sourceTree = "<group>"; };
		354EE1FC1D2B3F6600D17A3F /* QuartzCore.framework */ = {isa = PBXFileReference; lastKnownFileType = wrapper.framework; name = QuartzCore.framework; path = System/Library/Frameworks/QuartzCore.framework; sourceTree = SDKROOT; };
		354EE1FE1D2B3F6E00D17A3F /* ImageIO.framework */ = {isa = PBXFileReference; lastKnownFileType = wrapper.framework; name = ImageIO.framework; path = System/Library/Frameworks/ImageIO.framework; sourceTree = SDKROOT; };
		354EE2001D2B3F7A00D17A3F /* SystemConfiguration.framework */ = {isa = PBXFileReference; lastKnownFileType = wrapper.framework; name = SystemConfiguration.framework; path = System/Library/Frameworks/SystemConfiguration.framework; sourceTree = SDKROOT; };
		354EE2021D2B3F8600D17A3F /* Security.framework */ = {isa = PBXFileReference; lastKnownFileType = wrapper.framework; name = Security.framework; path = System/Library/Frameworks/Security.framework; sourceTree = SDKROOT; };
		354EE2041D2B3F9200D17A3F /* CoreTelephony.framework */ = {isa = PBXFileReference; lastKnownFileType = wrapper.framework; name = CoreTelephony.framework; path = System/Library/Frameworks/CoreTelephony.framework; sourceTree = SDKROOT; };
		354EE2061D2B3F9B00D17A3F /* CoreText.framework */ = {isa = PBXFileReference; lastKnownFileType = wrapper.framework; name = CoreText.framework; path = System/Library/Frameworks/CoreText.framework; sourceTree = SDKROOT; };
		354EE2081D2B3FA400D17A3F /* UIKit.framework */ = {isa = PBXFileReference; lastKnownFileType = wrapper.framework; name = UIKit.framework; path = System/Library/Frameworks/UIKit.framework; sourceTree = SDKROOT; };
		354EE20A1D2B3FAF00D17A3F /* Foundation.framework */ = {isa = PBXFileReference; lastKnownFileType = wrapper.framework; name = Foundation.framework; path = System/Library/Frameworks/Foundation.framework; sourceTree = SDKROOT; };
		354EE20C1D2B3FB900D17A3F /* CoreGraphics.framework */ = {isa = PBXFileReference; lastKnownFileType = wrapper.framework; name = CoreGraphics.framework; path = System/Library/Frameworks/CoreGraphics.framework; sourceTree = SDKROOT; };
		354EE20E1D2B3FDC00D17A3F /* libsqlite3.tbd */ = {isa = PBXFileReference; lastKnownFileType = "sourcecode.text-based-dylib-definition"; name = libsqlite3.tbd; path = usr/lib/libsqlite3.tbd; sourceTree = SDKROOT; };
		354EE2101D2B3FE800D17A3F /* libz.tbd */ = {isa = PBXFileReference; lastKnownFileType = "sourcecode.text-based-dylib-definition"; name = libz.tbd; path = usr/lib/libz.tbd; sourceTree = SDKROOT; };
		354EE2121D2B400F00D17A3F /* libWeiboSDK.a */ = {isa = PBXFileReference; lastKnownFileType = archive.ar; name = libWeiboSDK.a; path = CityGuide/libWeiboSDK/libWeiboSDK.a; sourceTree = "<group>"; };
		354EE2141D2B4E8300D17A3F /* NearbyViewController.h */ = {isa = PBXFileReference; fileEncoding = 4; lastKnownFileType = sourcecode.c.h; path = NearbyViewController.h; sourceTree = "<group>"; };
		354EE2151D2B4E8300D17A3F /* NearbyViewController.m */ = {isa = PBXFileReference; fileEncoding = 4; lastKnownFileType = sourcecode.c.objc; path = NearbyViewController.m; sourceTree = "<group>"; };
		354EE2281D2B4FF500D17A3F /* libWeiboSDK.a */ = {isa = PBXFileReference; lastKnownFileType = archive.ar; path = libWeiboSDK.a; sourceTree = "<group>"; };
		354EE2291D2B4FF500D17A3F /* WBHttpRequest.h */ = {isa = PBXFileReference; fileEncoding = 4; lastKnownFileType = sourcecode.c.h; path = WBHttpRequest.h; sourceTree = "<group>"; };
		354EE22A1D2B4FF500D17A3F /* WBHttpRequest+WeiboGame.h */ = {isa = PBXFileReference; fileEncoding = 4; lastKnownFileType = sourcecode.c.h; path = "WBHttpRequest+WeiboGame.h"; sourceTree = "<group>"; };
		354EE22B1D2B4FF500D17A3F /* WBHttpRequest+WeiboShare.h */ = {isa = PBXFileReference; fileEncoding = 4; lastKnownFileType = sourcecode.c.h; path = "WBHttpRequest+WeiboShare.h"; sourceTree = "<group>"; };
		354EE22C1D2B4FF500D17A3F /* WBHttpRequest+WeiboToken.h */ = {isa = PBXFileReference; fileEncoding = 4; lastKnownFileType = sourcecode.c.h; path = "WBHttpRequest+WeiboToken.h"; sourceTree = "<group>"; };
		354EE22D1D2B4FF500D17A3F /* WBHttpRequest+WeiboUser.h */ = {isa = PBXFileReference; fileEncoding = 4; lastKnownFileType = sourcecode.c.h; path = "WBHttpRequest+WeiboUser.h"; sourceTree = "<group>"; };
		354EE22E1D2B4FF500D17A3F /* WBSDKBasicButton.h */ = {isa = PBXFileReference; fileEncoding = 4; lastKnownFileType = sourcecode.c.h; path = WBSDKBasicButton.h; sourceTree = "<group>"; };
		354EE22F1D2B4FF500D17A3F /* WBSDKCommentButton.h */ = {isa = PBXFileReference; fileEncoding = 4; lastKnownFileType = sourcecode.c.h; path = WBSDKCommentButton.h; sourceTree = "<group>"; };
		354EE2301D2B4FF500D17A3F /* WBSDKRelationshipButton.h */ = {isa = PBXFileReference; fileEncoding = 4; lastKnownFileType = sourcecode.c.h; path = WBSDKRelationshipButton.h; sourceTree = "<group>"; };
		354EE2311D2B4FF500D17A3F /* WeiboSDK.bundle */ = {isa = PBXFileReference; lastKnownFileType = "wrapper.plug-in"; path = WeiboSDK.bundle; sourceTree = "<group>"; };
		354EE2321D2B4FF500D17A3F /* WeiboSDK.h */ = {isa = PBXFileReference; fileEncoding = 4; lastKnownFileType = sourcecode.c.h; path = WeiboSDK.h; sourceTree = "<group>"; };
		354EE2331D2B4FF500D17A3F /* WeiboSDK+Statistics.h */ = {isa = PBXFileReference; fileEncoding = 4; lastKnownFileType = sourcecode.c.h; path = "WeiboSDK+Statistics.h"; sourceTree = "<group>"; };
		354EE2341D2B4FF500D17A3F /* WeiboUser.h */ = {isa = PBXFileReference; fileEncoding = 4; lastKnownFileType = sourcecode.c.h; path = WeiboUser.h; sourceTree = "<group>"; };
		35698E081D421B9F007175E9 /* LFLUISegmentedControl.m */ = {isa = PBXFileReference; fileEncoding = 4; lastKnownFileType = sourcecode.c.objc; path = LFLUISegmentedControl.m; sourceTree = "<group>"; };
		35698E091D421B9F007175E9 /* LFLUISegmentedControl.h */ = {isa = PBXFileReference; fileEncoding = 4; lastKnownFileType = sourcecode.c.h; path = LFLUISegmentedControl.h; sourceTree = "<group>"; };
		35698E0B1D425928007175E9 /* wbTableView.xib */ = {isa = PBXFileReference; fileEncoding = 4; lastKnownFileType = file.xib; path = wbTableView.xib; sourceTree = "<group>"; };
		35698E0D1D42598E007175E9 /* wbTableView.h */ = {isa = PBXFileReference; fileEncoding = 4; lastKnownFileType = sourcecode.c.h; path = wbTableView.h; sourceTree = "<group>"; };
		35698E0E1D42598E007175E9 /* wbTableView.m */ = {isa = PBXFileReference; fileEncoding = 4; lastKnownFileType = sourcecode.c.objc; path = wbTableView.m; sourceTree = "<group>"; };
		358A7F671D37899E0052EF2E /* ActivitiesScrollViewController.h */ = {isa = PBXFileReference; fileEncoding = 4; lastKnownFileType = sourcecode.c.h; path = ActivitiesScrollViewController.h; sourceTree = "<group>"; };
		358A7F681D37899E0052EF2E /* ActivitiesScrollViewController.m */ = {isa = PBXFileReference; fileEncoding = 4; lastKnownFileType = sourcecode.c.objc; path = ActivitiesScrollViewController.m; sourceTree = "<group>"; };
		358A7FD71D4059230052EF2E /* watchKit.app */ = {isa = PBXFileReference; explicitFileType = wrapper.application; includeInIndex = 0; path = watchKit.app; sourceTree = BUILT_PRODUCTS_DIR; };
		358A7FDA1D4059230052EF2E /* Base */ = {isa = PBXFileReference; lastKnownFileType = file.storyboard; name = Base; path = Base.lproj/Interface.storyboard; sourceTree = "<group>"; };
		358A7FDC1D4059230052EF2E /* Assets.xcassets */ = {isa = PBXFileReference; lastKnownFileType = folder.assetcatalog; path = Assets.xcassets; sourceTree = "<group>"; };
		358A7FDE1D4059230052EF2E /* Info.plist */ = {isa = PBXFileReference; lastKnownFileType = text.plist.xml; path = Info.plist; sourceTree = "<group>"; };
		358A7FE31D4059230052EF2E /* watchKit Extension.appex */ = {isa = PBXFileReference; explicitFileType = "wrapper.app-extension"; includeInIndex = 0; path = "watchKit Extension.appex"; sourceTree = BUILT_PRODUCTS_DIR; };
		358A7FE91D4059230052EF2E /* PushNotificationPayload.apns */ = {isa = PBXFileReference; lastKnownFileType = text; path = PushNotificationPayload.apns; sourceTree = "<group>"; };
		358A7FEA1D4059230052EF2E /* InterfaceController.h */ = {isa = PBXFileReference; lastKnownFileType = sourcecode.c.h; path = InterfaceController.h; sourceTree = "<group>"; };
		358A7FEB1D4059230052EF2E /* InterfaceController.m */ = {isa = PBXFileReference; lastKnownFileType = sourcecode.c.objc; path = InterfaceController.m; sourceTree = "<group>"; };
		358A7FED1D4059230052EF2E /* ExtensionDelegate.h */ = {isa = PBXFileReference; lastKnownFileType = sourcecode.c.h; path = ExtensionDelegate.h; sourceTree = "<group>"; };
		358A7FEE1D4059230052EF2E /* ExtensionDelegate.m */ = {isa = PBXFileReference; lastKnownFileType = sourcecode.c.objc; path = ExtensionDelegate.m; sourceTree = "<group>"; };
		358A7FF01D4059230052EF2E /* NotificationController.h */ = {isa = PBXFileReference; lastKnownFileType = sourcecode.c.h; path = NotificationController.h; sourceTree = "<group>"; };
		358A7FF11D4059230052EF2E /* NotificationController.m */ = {isa = PBXFileReference; lastKnownFileType = sourcecode.c.objc; path = NotificationController.m; sourceTree = "<group>"; };
		358A7FF31D4059230052EF2E /* Assets.xcassets */ = {isa = PBXFileReference; lastKnownFileType = folder.assetcatalog; path = Assets.xcassets; sourceTree = "<group>"; };
		358A7FF51D4059230052EF2E /* Info.plist */ = {isa = PBXFileReference; lastKnownFileType = text.plist.xml; path = Info.plist; sourceTree = "<group>"; };
		35FBE2BB1D2E55AB0003720C /* SBJson4.h */ = {isa = PBXFileReference; fileEncoding = 4; lastKnownFileType = sourcecode.c.h; path = SBJson4.h; sourceTree = "<group>"; };
		35FBE2BC1D2E55AB0003720C /* SBJson4Parser.h */ = {isa = PBXFileReference; fileEncoding = 4; lastKnownFileType = sourcecode.c.h; path = SBJson4Parser.h; sourceTree = "<group>"; };
		35FBE2BD1D2E55AB0003720C /* SBJson4Parser.m */ = {isa = PBXFileReference; fileEncoding = 4; lastKnownFileType = sourcecode.c.objc; path = SBJson4Parser.m; sourceTree = "<group>"; };
		35FBE2BE1D2E55AB0003720C /* SBJson4StreamParser.h */ = {isa = PBXFileReference; fileEncoding = 4; lastKnownFileType = sourcecode.c.h; path = SBJson4StreamParser.h; sourceTree = "<group>"; };
		35FBE2BF1D2E55AB0003720C /* SBJson4StreamParser.m */ = {isa = PBXFileReference; fileEncoding = 4; lastKnownFileType = sourcecode.c.objc; path = SBJson4StreamParser.m; sourceTree = "<group>"; };
		35FBE2C01D2E55AB0003720C /* SBJson4StreamParserState.h */ = {isa = PBXFileReference; fileEncoding = 4; lastKnownFileType = sourcecode.c.h; path = SBJson4StreamParserState.h; sourceTree = "<group>"; };
		35FBE2C11D2E55AB0003720C /* SBJson4StreamParserState.m */ = {isa = PBXFileReference; fileEncoding = 4; lastKnownFileType = sourcecode.c.objc; path = SBJson4StreamParserState.m; sourceTree = "<group>"; };
		35FBE2C21D2E55AB0003720C /* SBJson4StreamTokeniser.h */ = {isa = PBXFileReference; fileEncoding = 4; lastKnownFileType = sourcecode.c.h; path = SBJson4StreamTokeniser.h; sourceTree = "<group>"; };
		35FBE2C31D2E55AB0003720C /* SBJson4StreamTokeniser.m */ = {isa = PBXFileReference; fileEncoding = 4; lastKnownFileType = sourcecode.c.objc; path = SBJson4StreamTokeniser.m; sourceTree = "<group>"; };
		35FBE2C41D2E55AB0003720C /* SBJson4StreamWriter.h */ = {isa = PBXFileReference; fileEncoding = 4; lastKnownFileType = sourcecode.c.h; path = SBJson4StreamWriter.h; sourceTree = "<group>"; };
		35FBE2C51D2E55AB0003720C /* SBJson4StreamWriter.m */ = {isa = PBXFileReference; fileEncoding = 4; lastKnownFileType = sourcecode.c.objc; path = SBJson4StreamWriter.m; sourceTree = "<group>"; };
		35FBE2C61D2E55AB0003720C /* SBJson4StreamWriterState.h */ = {isa = PBXFileReference; fileEncoding = 4; lastKnownFileType = sourcecode.c.h; path = SBJson4StreamWriterState.h; sourceTree = "<group>"; };
		35FBE2C71D2E55AB0003720C /* SBJson4StreamWriterState.m */ = {isa = PBXFileReference; fileEncoding = 4; lastKnownFileType = sourcecode.c.objc; path = SBJson4StreamWriterState.m; sourceTree = "<group>"; };
		35FBE2C81D2E55AB0003720C /* SBJson4Writer.h */ = {isa = PBXFileReference; fileEncoding = 4; lastKnownFileType = sourcecode.c.h; path = SBJson4Writer.h; sourceTree = "<group>"; };
		35FBE2C91D2E55AB0003720C /* SBJson4Writer.m */ = {isa = PBXFileReference; fileEncoding = 4; lastKnownFileType = sourcecode.c.objc; path = SBJson4Writer.m; sourceTree = "<group>"; };
		35FBE2D21D2F72790003720C /* AFHTTPSessionManager.h */ = {isa = PBXFileReference; fileEncoding = 4; lastKnownFileType = sourcecode.c.h; path = AFHTTPSessionManager.h; sourceTree = "<group>"; };
		35FBE2D31D2F727A0003720C /* AFHTTPSessionManager.m */ = {isa = PBXFileReference; fileEncoding = 4; lastKnownFileType = sourcecode.c.objc; path = AFHTTPSessionManager.m; sourceTree = "<group>"; };
		35FBE2D41D2F727A0003720C /* AFNetworking.h */ = {isa = PBXFileReference; fileEncoding = 4; lastKnownFileType = sourcecode.c.h; path = AFNetworking.h; sourceTree = "<group>"; };
		35FBE2D51D2F727A0003720C /* AFNetworkReachabilityManager.h */ = {isa = PBXFileReference; fileEncoding = 4; lastKnownFileType = sourcecode.c.h; path = AFNetworkReachabilityManager.h; sourceTree = "<group>"; };
		35FBE2D61D2F727A0003720C /* AFNetworkReachabilityManager.m */ = {isa = PBXFileReference; fileEncoding = 4; lastKnownFileType = sourcecode.c.objc; path = AFNetworkReachabilityManager.m; sourceTree = "<group>"; };
		35FBE2D71D2F727A0003720C /* AFSecurityPolicy.h */ = {isa = PBXFileReference; fileEncoding = 4; lastKnownFileType = sourcecode.c.h; path = AFSecurityPolicy.h; sourceTree = "<group>"; };
		35FBE2D81D2F727A0003720C /* AFSecurityPolicy.m */ = {isa = PBXFileReference; fileEncoding = 4; lastKnownFileType = sourcecode.c.objc; path = AFSecurityPolicy.m; sourceTree = "<group>"; };
		35FBE2D91D2F727A0003720C /* AFURLRequestSerialization.h */ = {isa = PBXFileReference; fileEncoding = 4; lastKnownFileType = sourcecode.c.h; path = AFURLRequestSerialization.h; sourceTree = "<group>"; };
		35FBE2DA1D2F727A0003720C /* AFURLRequestSerialization.m */ = {isa = PBXFileReference; fileEncoding = 4; lastKnownFileType = sourcecode.c.objc; path = AFURLRequestSerialization.m; sourceTree = "<group>"; };
		35FBE2DB1D2F727A0003720C /* AFURLResponseSerialization.h */ = {isa = PBXFileReference; fileEncoding = 4; lastKnownFileType = sourcecode.c.h; path = AFURLResponseSerialization.h; sourceTree = "<group>"; };
		35FBE2DC1D2F727A0003720C /* AFURLResponseSerialization.m */ = {isa = PBXFileReference; fileEncoding = 4; lastKnownFileType = sourcecode.c.objc; path = AFURLResponseSerialization.m; sourceTree = "<group>"; };
		35FBE2DD1D2F727A0003720C /* AFURLSessionManager.h */ = {isa = PBXFileReference; fileEncoding = 4; lastKnownFileType = sourcecode.c.h; path = AFURLSessionManager.h; sourceTree = "<group>"; };
		35FBE2DE1D2F727A0003720C /* AFURLSessionManager.m */ = {isa = PBXFileReference; fileEncoding = 4; lastKnownFileType = sourcecode.c.objc; path = AFURLSessionManager.m; sourceTree = "<group>"; };
		35FBE2F91D2FA3070003720C /* WeiboJSONParser.h */ = {isa = PBXFileReference; fileEncoding = 4; lastKnownFileType = sourcecode.c.h; path = WeiboJSONParser.h; sourceTree = "<group>"; };
		35FBE2FA1D2FA3070003720C /* WeiboJSONParser.m */ = {isa = PBXFileReference; fileEncoding = 4; lastKnownFileType = sourcecode.c.objc; path = WeiboJSONParser.m; sourceTree = "<group>"; };
		35FBE2FC1D30C9D80003720C /* CoreLocation.framework */ = {isa = PBXFileReference; lastKnownFileType = wrapper.framework; name = CoreLocation.framework; path = System/Library/Frameworks/CoreLocation.framework; sourceTree = SDKROOT; };
/* End PBXFileReference section */

/* Begin PBXFrameworksBuildPhase section */
		354EE1B01D2A28A600D17A3F /* Frameworks */ = {
			isa = PBXFrameworksBuildPhase;
			buildActionMask = 2147483647;
			files = (
				35FBE2FD1D30C9D80003720C /* CoreLocation.framework in Frameworks */,
				354EE2131D2B400F00D17A3F /* libWeiboSDK.a in Frameworks */,
				354EE2111D2B3FE800D17A3F /* libz.tbd in Frameworks */,
				354EE20F1D2B3FDC00D17A3F /* libsqlite3.tbd in Frameworks */,
				354EE2351D2B4FF500D17A3F /* libWeiboSDK.a in Frameworks */,
				354EE20D1D2B3FB900D17A3F /* CoreGraphics.framework in Frameworks */,
				354EE20B1D2B3FAF00D17A3F /* Foundation.framework in Frameworks */,
				354EE2091D2B3FA400D17A3F /* UIKit.framework in Frameworks */,
				354EE2071D2B3F9B00D17A3F /* CoreText.framework in Frameworks */,
				354EE2051D2B3F9200D17A3F /* CoreTelephony.framework in Frameworks */,
				354EE2031D2B3F8600D17A3F /* Security.framework in Frameworks */,
				354EE2011D2B3F7A00D17A3F /* SystemConfiguration.framework in Frameworks */,
				354EE1FF1D2B3F6E00D17A3F /* ImageIO.framework in Frameworks */,
				354EE1FD1D2B3F6600D17A3F /* QuartzCore.framework in Frameworks */,
				354EE1F41D2A2E8000D17A3F /* MapKit.framework in Frameworks */,
			);
			runOnlyForDeploymentPostprocessing = 0;
		};
		354EE1C91D2A28A600D17A3F /* Frameworks */ = {
			isa = PBXFrameworksBuildPhase;
			buildActionMask = 2147483647;
			files = (
			);
			runOnlyForDeploymentPostprocessing = 0;
		};
		354EE1D41D2A28A600D17A3F /* Frameworks */ = {
			isa = PBXFrameworksBuildPhase;
			buildActionMask = 2147483647;
			files = (
			);
			runOnlyForDeploymentPostprocessing = 0;
		};
		358A7FE01D4059230052EF2E /* Frameworks */ = {
			isa = PBXFrameworksBuildPhase;
			buildActionMask = 2147483647;
			files = (
			);
			runOnlyForDeploymentPostprocessing = 0;
		};
/* End PBXFrameworksBuildPhase section */

/* Begin PBXGroup section */
		354EE1AA1D2A28A600D17A3F = {
			isa = PBXGroup;
			children = (
				354EE1B51D2A28A600D17A3F /* CityGuide */,
				354EE1CF1D2A28A600D17A3F /* CityGuideTests */,
				354EE1DA1D2A28A600D17A3F /* CityGuideUITests */,
				358A7FD81D4059230052EF2E /* watchKit */,
				358A7FE71D4059230052EF2E /* watchKit Extension */,
				354EE1B41D2A28A600D17A3F /* Products */,
				354EE1F21D2A2E8000D17A3F /* Frameworks */,
			);
			sourceTree = "<group>";
		};
		354EE1B41D2A28A600D17A3F /* Products */ = {
			isa = PBXGroup;
			children = (
				354EE1B31D2A28A600D17A3F /* CityGuide.app */,
				354EE1CC1D2A28A600D17A3F /* CityGuideTests.xctest */,
				354EE1D71D2A28A600D17A3F /* CityGuideUITests.xctest */,
				358A7FD71D4059230052EF2E /* watchKit.app */,
				358A7FE31D4059230052EF2E /* watchKit Extension.appex */,
			);
			name = Products;
			sourceTree = "<group>";
		};
		354EE1B51D2A28A600D17A3F /* CityGuide */ = {
			isa = PBXGroup;
			children = (
				358A7F631D3789410052EF2E /* LFSegmentControl */,
				35FBE2D11D2F725D0003720C /* AFNetworking */,
				35FBE2BA1D2E55820003720C /* SBJSON */,
				354EE2271D2B4FE100D17A3F /* libWeiboSDK */,
				354EE1B91D2A28A600D17A3F /* AppDelegate.h */,
				354EE1BA1D2A28A600D17A3F /* AppDelegate.m */,
				354EE1BC1D2A28A600D17A3F /* ViewController.h */,
				354EE1BD1D2A28A600D17A3F /* ViewController.m */,
				353B09F11D372C21009CA7C0 /* UserDetailVC.h */,
				353B09F21D372C21009CA7C0 /* UserDetailVC.m */,
				354EE1BF1D2A28A600D17A3F /* Main.storyboard */,
				35698E0B1D425928007175E9 /* wbTableView.xib */,
				35698E0D1D42598E007175E9 /* wbTableView.h */,
				35698E0E1D42598E007175E9 /* wbTableView.m */,
				354EE2141D2B4E8300D17A3F /* NearbyViewController.h */,
				354EE2151D2B4E8300D17A3F /* NearbyViewController.m */,
				358A7F671D37899E0052EF2E /* ActivitiesScrollViewController.h */,
				358A7F681D37899E0052EF2E /* ActivitiesScrollViewController.m */,
				35FBE2F91D2FA3070003720C /* WeiboJSONParser.h */,
				35FBE2FA1D2FA3070003720C /* WeiboJSONParser.m */,
				354EE1EC1D2A2CC100D17A3F /* TabbarViewController.h */,
				354EE1ED1D2A2CC100D17A3F /* TabbarViewController.m */,
				354EE1EF1D2A2CEC00D17A3F /* MapViewController.h */,
				354EE1F01D2A2CEC00D17A3F /* MapViewController.m */,
				354EE1E91D2A2C9500D17A3F /* MainViewController.h */,
				354EE1EA1D2A2C9500D17A3F /* MainViewController.m */,
				354EE1F51D2A5B0200D17A3F /* launchViewController.h */,
				354EE1F61D2A5B0200D17A3F /* launchViewController.m */,
				354EE1C21D2A28A600D17A3F /* Assets.xcassets */,
				354EE1C41D2A28A600D17A3F /* LaunchScreen.storyboard */,
				354EE1C71D2A28A600D17A3F /* Info.plist */,
				354EE1B61D2A28A600D17A3F /* Supporting Files */,
			);
			path = CityGuide;
			sourceTree = "<group>";
		};
		354EE1B61D2A28A600D17A3F /* Supporting Files */ = {
			isa = PBXGroup;
			children = (
				354EE1B71D2A28A600D17A3F /* main.m */,
			);
			name = "Supporting Files";
			sourceTree = "<group>";
		};
		354EE1CF1D2A28A600D17A3F /* CityGuideTests */ = {
			isa = PBXGroup;
			children = (
				354EE1D01D2A28A600D17A3F /* CityGuideTests.m */,
				354EE1D21D2A28A600D17A3F /* Info.plist */,
			);
			path = CityGuideTests;
			sourceTree = "<group>";
		};
		354EE1DA1D2A28A600D17A3F /* CityGuideUITests */ = {
			isa = PBXGroup;
			children = (
				354EE1DB1D2A28A600D17A3F /* CityGuideUITests.m */,
				354EE1DD1D2A28A600D17A3F /* Info.plist */,
			);
			path = CityGuideUITests;
			sourceTree = "<group>";
		};
		354EE1F21D2A2E8000D17A3F /* Frameworks */ = {
			isa = PBXGroup;
			children = (
				35FBE2FC1D30C9D80003720C /* CoreLocation.framework */,
				354EE2121D2B400F00D17A3F /* libWeiboSDK.a */,
				354EE2101D2B3FE800D17A3F /* libz.tbd */,
				354EE20E1D2B3FDC00D17A3F /* libsqlite3.tbd */,
				354EE20C1D2B3FB900D17A3F /* CoreGraphics.framework */,
				354EE20A1D2B3FAF00D17A3F /* Foundation.framework */,
				354EE2081D2B3FA400D17A3F /* UIKit.framework */,
				354EE2061D2B3F9B00D17A3F /* CoreText.framework */,
				354EE2041D2B3F9200D17A3F /* CoreTelephony.framework */,
				354EE2021D2B3F8600D17A3F /* Security.framework */,
				354EE2001D2B3F7A00D17A3F /* SystemConfiguration.framework */,
				354EE1FE1D2B3F6E00D17A3F /* ImageIO.framework */,
				354EE1FC1D2B3F6600D17A3F /* QuartzCore.framework */,
				354EE1F31D2A2E8000D17A3F /* MapKit.framework */,
			);
			name = Frameworks;
			sourceTree = "<group>";
		};
		354EE2271D2B4FE100D17A3F /* libWeiboSDK */ = {
			isa = PBXGroup;
			children = (
				354EE2281D2B4FF500D17A3F /* libWeiboSDK.a */,
				354EE2291D2B4FF500D17A3F /* WBHttpRequest.h */,
				354EE22A1D2B4FF500D17A3F /* WBHttpRequest+WeiboGame.h */,
				354EE22B1D2B4FF500D17A3F /* WBHttpRequest+WeiboShare.h */,
				354EE22C1D2B4FF500D17A3F /* WBHttpRequest+WeiboToken.h */,
				354EE22D1D2B4FF500D17A3F /* WBHttpRequest+WeiboUser.h */,
				354EE22E1D2B4FF500D17A3F /* WBSDKBasicButton.h */,
				354EE22F1D2B4FF500D17A3F /* WBSDKCommentButton.h */,
				354EE2301D2B4FF500D17A3F /* WBSDKRelationshipButton.h */,
				354EE2311D2B4FF500D17A3F /* WeiboSDK.bundle */,
				354EE2321D2B4FF500D17A3F /* WeiboSDK.h */,
				354EE2331D2B4FF500D17A3F /* WeiboSDK+Statistics.h */,
				354EE2341D2B4FF500D17A3F /* WeiboUser.h */,
			);
			name = libWeiboSDK;
			sourceTree = "<group>";
		};
		358A7F631D3789410052EF2E /* LFSegmentControl */ = {
			isa = PBXGroup;
			children = (
				35698E081D421B9F007175E9 /* LFLUISegmentedControl.m */,
				35698E091D421B9F007175E9 /* LFLUISegmentedControl.h */,
			);
			name = LFSegmentControl;
			sourceTree = "<group>";
		};
		358A7FD81D4059230052EF2E /* watchKit */ = {
			isa = PBXGroup;
			children = (
				358A7FD91D4059230052EF2E /* Interface.storyboard */,
				358A7FDC1D4059230052EF2E /* Assets.xcassets */,
				358A7FDE1D4059230052EF2E /* Info.plist */,
			);
			path = watchKit;
			sourceTree = "<group>";
		};
		358A7FE71D4059230052EF2E /* watchKit Extension */ = {
			isa = PBXGroup;
			children = (
				358A7FEA1D4059230052EF2E /* InterfaceController.h */,
				358A7FEB1D4059230052EF2E /* InterfaceController.m */,
				358A7FED1D4059230052EF2E /* ExtensionDelegate.h */,
				358A7FEE1D4059230052EF2E /* ExtensionDelegate.m */,
				358A7FF01D4059230052EF2E /* NotificationController.h */,
				358A7FF11D4059230052EF2E /* NotificationController.m */,
				358A7FF31D4059230052EF2E /* Assets.xcassets */,
				358A7FF51D4059230052EF2E /* Info.plist */,
				358A7FE81D4059230052EF2E /* Supporting Files */,
			);
			path = "watchKit Extension";
			sourceTree = "<group>";
		};
		358A7FE81D4059230052EF2E /* Supporting Files */ = {
			isa = PBXGroup;
			children = (
				358A7FE91D4059230052EF2E /* PushNotificationPayload.apns */,
			);
			name = "Supporting Files";
			sourceTree = "<group>";
		};
		35FBE2BA1D2E55820003720C /* SBJSON */ = {
			isa = PBXGroup;
			children = (
				35FBE2BB1D2E55AB0003720C /* SBJson4.h */,
				35FBE2BC1D2E55AB0003720C /* SBJson4Parser.h */,
				35FBE2BD1D2E55AB0003720C /* SBJson4Parser.m */,
				35FBE2BE1D2E55AB0003720C /* SBJson4StreamParser.h */,
				35FBE2BF1D2E55AB0003720C /* SBJson4StreamParser.m */,
				35FBE2C01D2E55AB0003720C /* SBJson4StreamParserState.h */,
				35FBE2C11D2E55AB0003720C /* SBJson4StreamParserState.m */,
				35FBE2C21D2E55AB0003720C /* SBJson4StreamTokeniser.h */,
				35FBE2C31D2E55AB0003720C /* SBJson4StreamTokeniser.m */,
				35FBE2C41D2E55AB0003720C /* SBJson4StreamWriter.h */,
				35FBE2C51D2E55AB0003720C /* SBJson4StreamWriter.m */,
				35FBE2C61D2E55AB0003720C /* SBJson4StreamWriterState.h */,
				35FBE2C71D2E55AB0003720C /* SBJson4StreamWriterState.m */,
				35FBE2C81D2E55AB0003720C /* SBJson4Writer.h */,
				35FBE2C91D2E55AB0003720C /* SBJson4Writer.m */,
			);
			name = SBJSON;
			sourceTree = "<group>";
		};
		35FBE2D11D2F725D0003720C /* AFNetworking */ = {
			isa = PBXGroup;
			children = (
				35FBE2D21D2F72790003720C /* AFHTTPSessionManager.h */,
				35FBE2D31D2F727A0003720C /* AFHTTPSessionManager.m */,
				35FBE2D41D2F727A0003720C /* AFNetworking.h */,
				35FBE2D51D2F727A0003720C /* AFNetworkReachabilityManager.h */,
				35FBE2D61D2F727A0003720C /* AFNetworkReachabilityManager.m */,
				35FBE2D71D2F727A0003720C /* AFSecurityPolicy.h */,
				35FBE2D81D2F727A0003720C /* AFSecurityPolicy.m */,
				35FBE2D91D2F727A0003720C /* AFURLRequestSerialization.h */,
				35FBE2DA1D2F727A0003720C /* AFURLRequestSerialization.m */,
				35FBE2DB1D2F727A0003720C /* AFURLResponseSerialization.h */,
				35FBE2DC1D2F727A0003720C /* AFURLResponseSerialization.m */,
				35FBE2DD1D2F727A0003720C /* AFURLSessionManager.h */,
				35FBE2DE1D2F727A0003720C /* AFURLSessionManager.m */,
			);
			name = AFNetworking;
			sourceTree = "<group>";
		};
/* End PBXGroup section */

/* Begin PBXNativeTarget section */
		354EE1B21D2A28A600D17A3F /* CityGuide */ = {
			isa = PBXNativeTarget;
			buildConfigurationList = 354EE1E01D2A28A600D17A3F /* Build configuration list for PBXNativeTarget "CityGuide" */;
			buildPhases = (
				354EE1AF1D2A28A600D17A3F /* Sources */,
				354EE1B01D2A28A600D17A3F /* Frameworks */,
				354EE1B11D2A28A600D17A3F /* Resources */,
				358A80001D4059230052EF2E /* Embed Watch Content */,
			);
			buildRules = (
			);
			dependencies = (
				358A7FF71D4059230052EF2E /* PBXTargetDependency */,
			);
			name = CityGuide;
			productName = CityGuide;
			productReference = 354EE1B31D2A28A600D17A3F /* CityGuide.app */;
			productType = "com.apple.product-type.application";
		};
		354EE1CB1D2A28A600D17A3F /* CityGuideTests */ = {
			isa = PBXNativeTarget;
			buildConfigurationList = 354EE1E31D2A28A600D17A3F /* Build configuration list for PBXNativeTarget "CityGuideTests" */;
			buildPhases = (
				354EE1C81D2A28A600D17A3F /* Sources */,
				354EE1C91D2A28A600D17A3F /* Frameworks */,
				354EE1CA1D2A28A600D17A3F /* Resources */,
			);
			buildRules = (
			);
			dependencies = (
				354EE1CE1D2A28A600D17A3F /* PBXTargetDependency */,
			);
			name = CityGuideTests;
			productName = CityGuideTests;
			productReference = 354EE1CC1D2A28A600D17A3F /* CityGuideTests.xctest */;
			productType = "com.apple.product-type.bundle.unit-test";
		};
		354EE1D61D2A28A600D17A3F /* CityGuideUITests */ = {
			isa = PBXNativeTarget;
			buildConfigurationList = 354EE1E61D2A28A600D17A3F /* Build configuration list for PBXNativeTarget "CityGuideUITests" */;
			buildPhases = (
				354EE1D31D2A28A600D17A3F /* Sources */,
				354EE1D41D2A28A600D17A3F /* Frameworks */,
				354EE1D51D2A28A600D17A3F /* Resources */,
			);
			buildRules = (
			);
			dependencies = (
				354EE1D91D2A28A600D17A3F /* PBXTargetDependency */,
			);
			name = CityGuideUITests;
			productName = CityGuideUITests;
			productReference = 354EE1D71D2A28A600D17A3F /* CityGuideUITests.xctest */;
			productType = "com.apple.product-type.bundle.ui-testing";
		};
		358A7FD61D4059230052EF2E /* watchKit */ = {
			isa = PBXNativeTarget;
			buildConfigurationList = 358A7FFD1D4059230052EF2E /* Build configuration list for PBXNativeTarget "watchKit" */;
			buildPhases = (
				358A7FD51D4059230052EF2E /* Resources */,
				358A7FFC1D4059230052EF2E /* Embed App Extensions */,
			);
			buildRules = (
			);
			dependencies = (
				358A7FE61D4059230052EF2E /* PBXTargetDependency */,
			);
			name = watchKit;
			productName = watchKit;
			productReference = 358A7FD71D4059230052EF2E /* watchKit.app */;
			productType = "com.apple.product-type.application.watchapp2";
		};
		358A7FE21D4059230052EF2E /* watchKit Extension */ = {
			isa = PBXNativeTarget;
			buildConfigurationList = 358A7FF91D4059230052EF2E /* Build configuration list for PBXNativeTarget "watchKit Extension" */;
			buildPhases = (
				358A7FDF1D4059230052EF2E /* Sources */,
				358A7FE01D4059230052EF2E /* Frameworks */,
				358A7FE11D4059230052EF2E /* Resources */,
			);
			buildRules = (
			);
			dependencies = (
			);
			name = "watchKit Extension";
			productName = "watchKit Extension";
			productReference = 358A7FE31D4059230052EF2E /* watchKit Extension.appex */;
			productType = "com.apple.product-type.watchkit2-extension";
		};
/* End PBXNativeTarget section */

/* Begin PBXProject section */
		354EE1AB1D2A28A600D17A3F /* Project object */ = {
			isa = PBXProject;
			attributes = {
				LastUpgradeCheck = 0800;
				ORGANIZATIONNAME = zhuzai;
				TargetAttributes = {
					354EE1B21D2A28A600D17A3F = {
						CreatedOnToolsVersion = 8.0;
						DevelopmentTeam = 4HE4G9ZA7M;
						DevelopmentTeamName = "Shangshu Lu (Personal Team)";
						ProvisioningStyle = Automatic;
						SystemCapabilities = {
							com.apple.Maps.iOS = {
								enabled = 1;
							};
						};
					};
					354EE1CB1D2A28A600D17A3F = {
						CreatedOnToolsVersion = 8.0;
						DevelopmentTeam = 4HE4G9ZA7M;
						DevelopmentTeamName = "Shangshu Lu (Personal Team)";
						ProvisioningStyle = Automatic;
						TestTargetID = 354EE1B21D2A28A600D17A3F;
					};
					354EE1D61D2A28A600D17A3F = {
						CreatedOnToolsVersion = 8.0;
						DevelopmentTeam = 4HE4G9ZA7M;
						DevelopmentTeamName = "Shangshu Lu (Personal Team)";
						ProvisioningStyle = Automatic;
						TestTargetID = 354EE1B21D2A28A600D17A3F;
					};
					358A7FD61D4059230052EF2E = {
						CreatedOnToolsVersion = 8.0;
						DevelopmentTeam = 4HE4G9ZA7M;
						DevelopmentTeamName = "Shangshu Lu (Personal Team)";
						ProvisioningStyle = Automatic;
					};
					358A7FE21D4059230052EF2E = {
						CreatedOnToolsVersion = 8.0;
						DevelopmentTeam = 4HE4G9ZA7M;
						DevelopmentTeamName = "Shangshu Lu (Personal Team)";
						ProvisioningStyle = Automatic;
					};
				};
			};
			buildConfigurationList = 354EE1AE1D2A28A600D17A3F /* Build configuration list for PBXProject "CityGuide" */;
			compatibilityVersion = "Xcode 3.2";
			developmentRegion = English;
			hasScannedForEncodings = 0;
			knownRegions = (
				en,
				Base,
			);
			mainGroup = 354EE1AA1D2A28A600D17A3F;
			productRefGroup = 354EE1B41D2A28A600D17A3F /* Products */;
			projectDirPath = "";
			projectRoot = "";
			targets = (
				354EE1B21D2A28A600D17A3F /* CityGuide */,
				354EE1CB1D2A28A600D17A3F /* CityGuideTests */,
				354EE1D61D2A28A600D17A3F /* CityGuideUITests */,
				358A7FD61D4059230052EF2E /* watchKit */,
				358A7FE21D4059230052EF2E /* watchKit Extension */,
			);
		};
/* End PBXProject section */

/* Begin PBXResourcesBuildPhase section */
		354EE1B11D2A28A600D17A3F /* Resources */ = {
			isa = PBXResourcesBuildPhase;
			buildActionMask = 2147483647;
			files = (
				354EE1C61D2A28A600D17A3F /* LaunchScreen.storyboard in Resources */,
				354EE1C31D2A28A600D17A3F /* Assets.xcassets in Resources */,
				354EE1C11D2A28A600D17A3F /* Main.storyboard in Resources */,
				35698E0C1D425928007175E9 /* wbTableView.xib in Resources */,
				354EE2361D2B4FF500D17A3F /* WeiboSDK.bundle in Resources */,
			);
			runOnlyForDeploymentPostprocessing = 0;
		};
		354EE1CA1D2A28A600D17A3F /* Resources */ = {
			isa = PBXResourcesBuildPhase;
			buildActionMask = 2147483647;
			files = (
			);
			runOnlyForDeploymentPostprocessing = 0;
		};
		354EE1D51D2A28A600D17A3F /* Resources */ = {
			isa = PBXResourcesBuildPhase;
			buildActionMask = 2147483647;
			files = (
			);
			runOnlyForDeploymentPostprocessing = 0;
		};
		358A7FD51D4059230052EF2E /* Resources */ = {
			isa = PBXResourcesBuildPhase;
			buildActionMask = 2147483647;
			files = (
				358A7FDD1D4059230052EF2E /* Assets.xcassets in Resources */,
				358A7FDB1D4059230052EF2E /* Interface.storyboard in Resources */,
			);
			runOnlyForDeploymentPostprocessing = 0;
		};
		358A7FE11D4059230052EF2E /* Resources */ = {
			isa = PBXResourcesBuildPhase;
			buildActionMask = 2147483647;
			files = (
				358A7FF41D4059230052EF2E /* Assets.xcassets in Resources */,
			);
			runOnlyForDeploymentPostprocessing = 0;
		};
/* End PBXResourcesBuildPhase section */

/* Begin PBXSourcesBuildPhase section */
		354EE1AF1D2A28A600D17A3F /* Sources */ = {
			isa = PBXSourcesBuildPhase;
			buildActionMask = 2147483647;
			files = (
				35FBE2CB1D2E55AB0003720C /* SBJson4StreamParser.m in Sources */,
				35FBE2CE1D2E55AB0003720C /* SBJson4StreamWriter.m in Sources */,
				354EE1EE1D2A2CC100D17A3F /* TabbarViewController.m in Sources */,
				35FBE2FB1D2FA3070003720C /* WeiboJSONParser.m in Sources */,
				35FBE2E41D2F727A0003720C /* AFURLSessionManager.m in Sources */,
				35FBE2CD1D2E55AB0003720C /* SBJson4StreamTokeniser.m in Sources */,
				35FBE2D01D2E55AB0003720C /* SBJson4Writer.m in Sources */,
				354EE2161D2B4E8300D17A3F /* NearbyViewController.m in Sources */,
				35698E0A1D421B9F007175E9 /* LFLUISegmentedControl.m in Sources */,
				354EE1BE1D2A28A600D17A3F /* ViewController.m in Sources */,
				35FBE2DF1D2F727A0003720C /* AFHTTPSessionManager.m in Sources */,
				35FBE2CC1D2E55AB0003720C /* SBJson4StreamParserState.m in Sources */,
				35FBE2CA1D2E55AB0003720C /* SBJson4Parser.m in Sources */,
				35FBE2E11D2F727A0003720C /* AFSecurityPolicy.m in Sources */,
				354EE1F71D2A5B0200D17A3F /* launchViewController.m in Sources */,
				35FBE2E21D2F727A0003720C /* AFURLRequestSerialization.m in Sources */,
				353B09F31D372C21009CA7C0 /* UserDetailVC.m in Sources */,
				35FBE2E01D2F727A0003720C /* AFNetworkReachabilityManager.m in Sources */,
				35FBE2E31D2F727A0003720C /* AFURLResponseSerialization.m in Sources */,
				354EE1BB1D2A28A600D17A3F /* AppDelegate.m in Sources */,
				35FBE2CF1D2E55AB0003720C /* SBJson4StreamWriterState.m in Sources */,
				358A7F691D37899E0052EF2E /* ActivitiesScrollViewController.m in Sources */,
				354EE1F11D2A2CEC00D17A3F /* MapViewController.m in Sources */,
				354EE1B81D2A28A600D17A3F /* main.m in Sources */,
				35698E0F1D42598E007175E9 /* wbTableView.m in Sources */,
				354EE1EB1D2A2C9500D17A3F /* MainViewController.m in Sources */,
			);
			runOnlyForDeploymentPostprocessing = 0;
		};
		354EE1C81D2A28A600D17A3F /* Sources */ = {
			isa = PBXSourcesBuildPhase;
			buildActionMask = 2147483647;
			files = (
				354EE1D11D2A28A600D17A3F /* CityGuideTests.m in Sources */,
			);
			runOnlyForDeploymentPostprocessing = 0;
		};
		354EE1D31D2A28A600D17A3F /* Sources */ = {
			isa = PBXSourcesBuildPhase;
			buildActionMask = 2147483647;
			files = (
				354EE1DC1D2A28A600D17A3F /* CityGuideUITests.m in Sources */,
			);
			runOnlyForDeploymentPostprocessing = 0;
		};
		358A7FDF1D4059230052EF2E /* Sources */ = {
			isa = PBXSourcesBuildPhase;
			buildActionMask = 2147483647;
			files = (
				358A7FEF1D4059230052EF2E /* ExtensionDelegate.m in Sources */,
				358A7FEC1D4059230052EF2E /* InterfaceController.m in Sources */,
				358A7FF21D4059230052EF2E /* NotificationController.m in Sources */,
			);
			runOnlyForDeploymentPostprocessing = 0;
		};
/* End PBXSourcesBuildPhase section */

/* Begin PBXTargetDependency section */
		354EE1CE1D2A28A600D17A3F /* PBXTargetDependency */ = {
			isa = PBXTargetDependency;
			target = 354EE1B21D2A28A600D17A3F /* CityGuide */;
			targetProxy = 354EE1CD1D2A28A600D17A3F /* PBXContainerItemProxy */;
		};
		354EE1D91D2A28A600D17A3F /* PBXTargetDependency */ = {
			isa = PBXTargetDependency;
			target = 354EE1B21D2A28A600D17A3F /* CityGuide */;
			targetProxy = 354EE1D81D2A28A600D17A3F /* PBXContainerItemProxy */;
		};
		358A7FE61D4059230052EF2E /* PBXTargetDependency */ = {
			isa = PBXTargetDependency;
			target = 358A7FE21D4059230052EF2E /* watchKit Extension */;
			targetProxy = 358A7FE51D4059230052EF2E /* PBXContainerItemProxy */;
		};
		358A7FF71D4059230052EF2E /* PBXTargetDependency */ = {
			isa = PBXTargetDependency;
			target = 358A7FD61D4059230052EF2E /* watchKit */;
			targetProxy = 358A7FF61D4059230052EF2E /* PBXContainerItemProxy */;
		};
/* End PBXTargetDependency section */

/* Begin PBXVariantGroup section */
		354EE1BF1D2A28A600D17A3F /* Main.storyboard */ = {
			isa = PBXVariantGroup;
			children = (
				354EE1C01D2A28A600D17A3F /* Base */,
			);
			name = Main.storyboard;
			sourceTree = "<group>";
		};
		354EE1C41D2A28A600D17A3F /* LaunchScreen.storyboard */ = {
			isa = PBXVariantGroup;
			children = (
				354EE1C51D2A28A600D17A3F /* Base */,
			);
			name = LaunchScreen.storyboard;
			sourceTree = "<group>";
		};
		358A7FD91D4059230052EF2E /* Interface.storyboard */ = {
			isa = PBXVariantGroup;
			children = (
				358A7FDA1D4059230052EF2E /* Base */,
			);
			name = Interface.storyboard;
			sourceTree = "<group>";
		};
/* End PBXVariantGroup section */

/* Begin XCBuildConfiguration section */
		354EE1DE1D2A28A600D17A3F /* Debug */ = {
			isa = XCBuildConfiguration;
			buildSettings = {
				ALWAYS_SEARCH_USER_PATHS = NO;
				CLANG_ANALYZER_NONNULL = YES;
				CLANG_CXX_LANGUAGE_STANDARD = "gnu++0x";
				CLANG_CXX_LIBRARY = "libc++";
				CLANG_ENABLE_MODULES = YES;
				CLANG_ENABLE_OBJC_ARC = YES;
				CLANG_WARN_BOOL_CONVERSION = YES;
				CLANG_WARN_CONSTANT_CONVERSION = YES;
				CLANG_WARN_DIRECT_OBJC_ISA_USAGE = YES_ERROR;
				CLANG_WARN_DOCUMENTATION_COMMENTS = YES;
				CLANG_WARN_EMPTY_BODY = YES;
				CLANG_WARN_ENUM_CONVERSION = YES;
				CLANG_WARN_INT_CONVERSION = YES;
				CLANG_WARN_OBJC_ROOT_CLASS = YES_ERROR;
				CLANG_WARN_UNREACHABLE_CODE = YES;
				CLANG_WARN__DUPLICATE_METHOD_MATCH = YES;
				"CODE_SIGN_IDENTITY[sdk=iphoneos*]" = "iPhone Developer";
				COPY_PHASE_STRIP = NO;
				DEBUG_INFORMATION_FORMAT = dwarf;
				ENABLE_STRICT_OBJC_MSGSEND = YES;
				ENABLE_TESTABILITY = YES;
				GCC_C_LANGUAGE_STANDARD = gnu99;
				GCC_DYNAMIC_NO_PIC = NO;
				GCC_NO_COMMON_BLOCKS = YES;
				GCC_OPTIMIZATION_LEVEL = 0;
				GCC_PREPROCESSOR_DEFINITIONS = (
					"DEBUG=1",
					"$(inherited)",
				);
				GCC_WARN_64_TO_32_BIT_CONVERSION = YES;
				GCC_WARN_ABOUT_RETURN_TYPE = YES_ERROR;
				GCC_WARN_UNDECLARED_SELECTOR = YES;
				GCC_WARN_UNINITIALIZED_AUTOS = YES_AGGRESSIVE;
				GCC_WARN_UNUSED_FUNCTION = YES;
				GCC_WARN_UNUSED_VARIABLE = YES;
				IPHONEOS_DEPLOYMENT_TARGET = 10.0;
				MTL_ENABLE_DEBUG_INFO = YES;
				ONLY_ACTIVE_ARCH = YES;
				SDKROOT = iphoneos;
			};
			name = Debug;
		};
		354EE1DF1D2A28A600D17A3F /* Release */ = {
			isa = XCBuildConfiguration;
			buildSettings = {
				ALWAYS_SEARCH_USER_PATHS = NO;
				CLANG_ANALYZER_NONNULL = YES;
				CLANG_CXX_LANGUAGE_STANDARD = "gnu++0x";
				CLANG_CXX_LIBRARY = "libc++";
				CLANG_ENABLE_MODULES = YES;
				CLANG_ENABLE_OBJC_ARC = YES;
				CLANG_WARN_BOOL_CONVERSION = YES;
				CLANG_WARN_CONSTANT_CONVERSION = YES;
				CLANG_WARN_DIRECT_OBJC_ISA_USAGE = YES_ERROR;
				CLANG_WARN_DOCUMENTATION_COMMENTS = YES;
				CLANG_WARN_EMPTY_BODY = YES;
				CLANG_WARN_ENUM_CONVERSION = YES;
				CLANG_WARN_INT_CONVERSION = YES;
				CLANG_WARN_OBJC_ROOT_CLASS = YES_ERROR;
				CLANG_WARN_UNREACHABLE_CODE = YES;
				CLANG_WARN__DUPLICATE_METHOD_MATCH = YES;
				"CODE_SIGN_IDENTITY[sdk=iphoneos*]" = "iPhone Developer";
				COPY_PHASE_STRIP = NO;
				DEBUG_INFORMATION_FORMAT = "dwarf-with-dsym";
				ENABLE_NS_ASSERTIONS = NO;
				ENABLE_STRICT_OBJC_MSGSEND = YES;
				GCC_C_LANGUAGE_STANDARD = gnu99;
				GCC_NO_COMMON_BLOCKS = YES;
				GCC_WARN_64_TO_32_BIT_CONVERSION = YES;
				GCC_WARN_ABOUT_RETURN_TYPE = YES_ERROR;
				GCC_WARN_UNDECLARED_SELECTOR = YES;
				GCC_WARN_UNINITIALIZED_AUTOS = YES_AGGRESSIVE;
				GCC_WARN_UNUSED_FUNCTION = YES;
				GCC_WARN_UNUSED_VARIABLE = YES;
				IPHONEOS_DEPLOYMENT_TARGET = 10.0;
				MTL_ENABLE_DEBUG_INFO = NO;
				SDKROOT = iphoneos;
				VALIDATE_PRODUCT = YES;
			};
			name = Release;
		};
		354EE1E11D2A28A600D17A3F /* Debug */ = {
			isa = XCBuildConfiguration;
			buildSettings = {
				ASSETCATALOG_COMPILER_APPICON_NAME = AppIcon;
				INFOPLIST_FILE = CityGuide/Info.plist;
				IPHONEOS_DEPLOYMENT_TARGET = 9.0;
				LD_RUNPATH_SEARCH_PATHS = "$(inherited) @executable_path/Frameworks";
				LIBRARY_SEARCH_PATHS = (
					"$(inherited)",
					"$(PROJECT_DIR)/CityGuide/libWeiboSDK",
					"$(PROJECT_DIR)/CityGuide",
				);
				"OTHER_LDFLAGS[arch=*]" = "-ObjC";
				PRODUCT_BUNDLE_IDENTIFIER = com.lushangshu.CityGuide;
				PRODUCT_NAME = "$(TARGET_NAME)";
				SDKROOT = iphoneos;
				TARGETED_DEVICE_FAMILY = "1,2";
				WATCHOS_DEPLOYMENT_TARGET = 2.1;
			};
			name = Debug;
		};
		354EE1E21D2A28A600D17A3F /* Release */ = {
			isa = XCBuildConfiguration;
			buildSettings = {
				ASSETCATALOG_COMPILER_APPICON_NAME = AppIcon;
				INFOPLIST_FILE = CityGuide/Info.plist;
				IPHONEOS_DEPLOYMENT_TARGET = 9.0;
				LD_RUNPATH_SEARCH_PATHS = "$(inherited) @executable_path/Frameworks";
				LIBRARY_SEARCH_PATHS = (
					"$(inherited)",
					"$(PROJECT_DIR)/CityGuide/libWeiboSDK",
					"$(PROJECT_DIR)/CityGuide",
				);
				"OTHER_LDFLAGS[arch=*]" = "-ObjC";
				PRODUCT_BUNDLE_IDENTIFIER = com.lushangshu.CityGuide;
				PRODUCT_NAME = "$(TARGET_NAME)";
				SDKROOT = iphoneos;
				TARGETED_DEVICE_FAMILY = "1,2";
				WATCHOS_DEPLOYMENT_TARGET = 2.1;
			};
			name = Release;
		};
		354EE1E41D2A28A600D17A3F /* Debug */ = {
			isa = XCBuildConfiguration;
			buildSettings = {
				BUNDLE_LOADER = "$(TEST_HOST)";
				INFOPLIST_FILE = CityGuideTests/Info.plist;
				LD_RUNPATH_SEARCH_PATHS = "$(inherited) @executable_path/Frameworks @loader_path/Frameworks";
				PRODUCT_BUNDLE_IDENTIFIER = com.lushangshu.CityGuideTests;
				PRODUCT_NAME = "$(TARGET_NAME)";
				TEST_HOST = "$(BUILT_PRODUCTS_DIR)/CityGuide.app/CityGuide";
			};
			name = Debug;
		};
		354EE1E51D2A28A600D17A3F /* Release */ = {
			isa = XCBuildConfiguration;
			buildSettings = {
				BUNDLE_LOADER = "$(TEST_HOST)";
				INFOPLIST_FILE = CityGuideTests/Info.plist;
				LD_RUNPATH_SEARCH_PATHS = "$(inherited) @executable_path/Frameworks @loader_path/Frameworks";
				PRODUCT_BUNDLE_IDENTIFIER = com.lushangshu.CityGuideTests;
				PRODUCT_NAME = "$(TARGET_NAME)";
				TEST_HOST = "$(BUILT_PRODUCTS_DIR)/CityGuide.app/CityGuide";
			};
			name = Release;
		};
		354EE1E71D2A28A600D17A3F /* Debug */ = {
			isa = XCBuildConfiguration;
			buildSettings = {
				INFOPLIST_FILE = CityGuideUITests/Info.plist;
				LD_RUNPATH_SEARCH_PATHS = "$(inherited) @executable_path/Frameworks @loader_path/Frameworks";
				PRODUCT_BUNDLE_IDENTIFIER = com.lushangshu.CityGuideUITests;
				PRODUCT_NAME = "$(TARGET_NAME)";
				TEST_TARGET_NAME = CityGuide;
			};
			name = Debug;
		};
		354EE1E81D2A28A600D17A3F /* Release */ = {
			isa = XCBuildConfiguration;
			buildSettings = {
				INFOPLIST_FILE = CityGuideUITests/Info.plist;
				LD_RUNPATH_SEARCH_PATHS = "$(inherited) @executable_path/Frameworks @loader_path/Frameworks";
				PRODUCT_BUNDLE_IDENTIFIER = com.lushangshu.CityGuideUITests;
				PRODUCT_NAME = "$(TARGET_NAME)";
				TEST_TARGET_NAME = CityGuide;
			};
			name = Release;
		};
		358A7FFA1D4059230052EF2E /* Debug */ = {
			isa = XCBuildConfiguration;
			buildSettings = {
				ASSETCATALOG_COMPILER_COMPLICATION_NAME = Complication;
				INFOPLIST_FILE = "watchKit Extension/Info.plist";
				LD_RUNPATH_SEARCH_PATHS = "$(inherited) @executable_path/Frameworks @executable_path/../../Frameworks";
				PRODUCT_BUNDLE_IDENTIFIER = com.lushangshu.CityGuide.watchkitapp.watchkitextension;
				PRODUCT_NAME = "${TARGET_NAME}";
				SDKROOT = watchos;
				SKIP_INSTALL = YES;
				TARGETED_DEVICE_FAMILY = 4;
				WATCHOS_DEPLOYMENT_TARGET = 3.0;
			};
			name = Debug;
		};
		358A7FFB1D4059230052EF2E /* Release */ = {
			isa = XCBuildConfiguration;
			buildSettings = {
				ASSETCATALOG_COMPILER_COMPLICATION_NAME = Complication;
				INFOPLIST_FILE = "watchKit Extension/Info.plist";
				LD_RUNPATH_SEARCH_PATHS = "$(inherited) @executable_path/Frameworks @executable_path/../../Frameworks";
				PRODUCT_BUNDLE_IDENTIFIER = com.lushangshu.CityGuide.watchkitapp.watchkitextension;
				PRODUCT_NAME = "${TARGET_NAME}";
				SDKROOT = watchos;
				SKIP_INSTALL = YES;
				TARGETED_DEVICE_FAMILY = 4;
				WATCHOS_DEPLOYMENT_TARGET = 3.0;
			};
			name = Release;
		};
		358A7FFE1D4059230052EF2E /* Debug */ = {
			isa = XCBuildConfiguration;
			buildSettings = {
				ASSETCATALOG_COMPILER_APPICON_NAME = AppIcon;
				IBSC_MODULE = watchKit_Extension;
				INFOPLIST_FILE = watchKit/Info.plist;
				PRODUCT_BUNDLE_IDENTIFIER = com.lushangshu.CityGuide.watchkitapp;
				PRODUCT_NAME = "$(TARGET_NAME)";
				SDKROOT = watchos;
				SKIP_INSTALL = YES;
				TARGETED_DEVICE_FAMILY = 4;
				WATCHOS_DEPLOYMENT_TARGET = 3.0;
			};
			name = Debug;
		};
		358A7FFF1D4059230052EF2E /* Release */ = {
			isa = XCBuildConfiguration;
			buildSettings = {
				ASSETCATALOG_COMPILER_APPICON_NAME = AppIcon;
				IBSC_MODULE = watchKit_Extension;
				INFOPLIST_FILE = watchKit/Info.plist;
				PRODUCT_BUNDLE_IDENTIFIER = com.lushangshu.CityGuide.watchkitapp;
				PRODUCT_NAME = "$(TARGET_NAME)";
				SDKROOT = watchos;
				SKIP_INSTALL = YES;
				TARGETED_DEVICE_FAMILY = 4;
				WATCHOS_DEPLOYMENT_TARGET = 3.0;
			};
			name = Release;
		};
/* End XCBuildConfiguration section */

/* Begin XCConfigurationList section */
		354EE1AE1D2A28A600D17A3F /* Build configuration list for PBXProject "CityGuide" */ = {
			isa = XCConfigurationList;
			buildConfigurations = (
				354EE1DE1D2A28A600D17A3F /* Debug */,
				354EE1DF1D2A28A600D17A3F /* Release */,
			);
			defaultConfigurationIsVisible = 0;
			defaultConfigurationName = Release;
		};
		354EE1E01D2A28A600D17A3F /* Build configuration list for PBXNativeTarget "CityGuide" */ = {
			isa = XCConfigurationList;
			buildConfigurations = (
				354EE1E11D2A28A600D17A3F /* Debug */,
				354EE1E21D2A28A600D17A3F /* Release */,
			);
			defaultConfigurationIsVisible = 0;
			defaultConfigurationName = Release;
		};
		354EE1E31D2A28A600D17A3F /* Build configuration list for PBXNativeTarget "CityGuideTests" */ = {
			isa = XCConfigurationList;
			buildConfigurations = (
				354EE1E41D2A28A600D17A3F /* Debug */,
				354EE1E51D2A28A600D17A3F /* Release */,
			);
			defaultConfigurationIsVisible = 0;
			defaultConfigurationName = Release;
		};
		354EE1E61D2A28A600D17A3F /* Build configuration list for PBXNativeTarget "CityGuideUITests" */ = {
			isa = XCConfigurationList;
			buildConfigurations = (
				354EE1E71D2A28A600D17A3F /* Debug */,
				354EE1E81D2A28A600D17A3F /* Release */,
			);
			defaultConfigurationIsVisible = 0;
			defaultConfigurationName = Release;
		};
		358A7FF91D4059230052EF2E /* Build configuration list for PBXNativeTarget "watchKit Extension" */ = {
			isa = XCConfigurationList;
			buildConfigurations = (
				358A7FFA1D4059230052EF2E /* Debug */,
				358A7FFB1D4059230052EF2E /* Release */,
			);
			defaultConfigurationIsVisible = 0;
			defaultConfigurationName = Release;
		};
		358A7FFD1D4059230052EF2E /* Build configuration list for PBXNativeTarget "watchKit" */ = {
			isa = XCConfigurationList;
			buildConfigurations = (
				358A7FFE1D4059230052EF2E /* Debug */,
				358A7FFF1D4059230052EF2E /* Release */,
			);
			defaultConfigurationIsVisible = 0;
			defaultConfigurationName = Release;
		};
/* End XCConfigurationList section */
	};
	rootObject = 354EE1AB1D2A28A600D17A3F /* Project object */;
}
